
Microsoft Visual Studio Solution File, Format Version 12.00
# Visual Studio Version 17
VisualStudioVersion = 17.10.35201.131
MinimumVisualStudioVersion = 10.0.40219.1
Project("{FAE04EC0-301F-11D3-BF4B-00C04F79EFBC}") = "hw-3-api", "hw-3-api\hw-3-api.csproj", "{764523C8-5AB2-45F7-BB47-7F8E8EB82DBD}"
EndProject
Global
	GlobalSection(SolutionConfigurationPlatforms) = preSolution
		Debug|Any CPU = Debug|Any CPU
		Release|Any CPU = Release|Any CPU
	EndGlobalSection
	GlobalSection(ProjectConfigurationPlatforms) = postSolution
		{764523C8-5AB2-45F7-BB47-7F8E8EB82DBD}.Debug|Any CPU.ActiveCfg = Debug|Any CPU
		{764523C8-5AB2-45F7-BB47-7F8E8EB82DBD}.Debug|Any CPU.Build.0 = Debug|Any CPU
		{764523C8-5AB2-45F7-BB47-7F8E8EB82DBD}.Release|Any CPU.ActiveCfg = Release|Any CPU
		{764523C8-5AB2-45F7-BB47-7F8E8EB82DBD}.Release|Any CPU.Build.0 = Release|Any CPU
	EndGlobalSection
	GlobalSection(SolutionProperties) = preSolution
		HideSolutionNode = FALSE
	EndGlobalSection
	GlobalSection(ExtensibilityGlobals) = postSolution
		SolutionGuid = {A5AA13E5-7C1D-47E3-8F06-BA5FCEB25BD3}
	EndGlobalSection
EndGlobal
